// !$*UTF8*$!
{
	archiveVersion = 1;
	classes = {
	};
	objectVersion = 46;
	objects = {

/* Begin PBXBuildFile section */
		97264D731C6B940B00942494 /* CollectionView.swift in Sources */ = {isa = PBXBuildFile; fileRef = 97264D721C6B940B00942494 /* CollectionView.swift */; };
		97264D751C6B96CB00942494 /* CollectionCellView.swift in Sources */ = {isa = PBXBuildFile; fileRef = 97264D741C6B96CB00942494 /* CollectionCellView.swift */; };
		972E37F31C4CB3D20055AA66 /* NewsCell.swift in Sources */ = {isa = PBXBuildFile; fileRef = 972E37F21C4CB3D20055AA66 /* NewsCell.swift */; };
		972E37F71C4CC0860055AA66 /* NewsDetailController.swift in Sources */ = {isa = PBXBuildFile; fileRef = 972E37F61C4CC0860055AA66 /* NewsDetailController.swift */; };
		972E37F91C4CC2860055AA66 /* News.swift in Sources */ = {isa = PBXBuildFile; fileRef = 972E37F81C4CC2860055AA66 /* News.swift */; };
		9731A91A1C78DCBB007EB428 /* Localizable.strings in Resources */ = {isa = PBXBuildFile; fileRef = 9731A91C1C78DCBB007EB428 /* Localizable.strings */; };
		9731A91F1C78DCBB007EB428 /* InfoPlist.strings in Resources */ = {isa = PBXBuildFile; fileRef = 9731A9211C78DCBB007EB428 /* InfoPlist.strings */; };
		9731A9241C78DCBC007EB428 /* InfoPlist.strings in Resources */ = {isa = PBXBuildFile; fileRef = 9731A9261C78DCBC007EB428 /* InfoPlist.strings */; };
		9731A9291C78DCBC007EB428 /* InfoPlist.strings in Resources */ = {isa = PBXBuildFile; fileRef = 9731A92B1C78DCBC007EB428 /* InfoPlist.strings */; };
		973294661C4F64E800908F81 /* HexColor.swift in Sources */ = {isa = PBXBuildFile; fileRef = 973294651C4F64E800908F81 /* HexColor.swift */; };
		973294691C4F662700908F81 /* TableCellView.swift in Sources */ = {isa = PBXBuildFile; fileRef = 973294681C4F662700908F81 /* TableCellView.swift */; };
		973D59DD1C2A5FCE001CB704 /* AppDelegate.swift in Sources */ = {isa = PBXBuildFile; fileRef = 973D59DC1C2A5FCE001CB704 /* AppDelegate.swift */; };
		973D59DF1C2A5FCE001CB704 /* MenuViewController.swift in Sources */ = {isa = PBXBuildFile; fileRef = 973D59DE1C2A5FCE001CB704 /* MenuViewController.swift */; };
		973D59E11C2A5FCE001CB704 /* DetailViewController.swift in Sources */ = {isa = PBXBuildFile; fileRef = 973D59E01C2A5FCE001CB704 /* DetailViewController.swift */; };
		973D59E61C2A5FCE001CB704 /* Assets.xcassets in Resources */ = {isa = PBXBuildFile; fileRef = 973D59E51C2A5FCE001CB704 /* Assets.xcassets */; };
		973D59F41C2A5FCE001CB704 /* mahanenko_ruTests.swift in Sources */ = {isa = PBXBuildFile; fileRef = 973D59F31C2A5FCE001CB704 /* mahanenko_ruTests.swift */; };
		973D59FF1C2A5FCE001CB704 /* mahanenko_ruUITests.swift in Sources */ = {isa = PBXBuildFile; fileRef = 973D59FE1C2A5FCE001CB704 /* mahanenko_ruUITests.swift */; };
		973D5A0E1C2A60FA001CB704 /* Menu.swift in Sources */ = {isa = PBXBuildFile; fileRef = 973D5A0D1C2A60FA001CB704 /* Menu.swift */; };
		9747A1021C72346E005BFD0D /* BookDetailController.swift in Sources */ = {isa = PBXBuildFile; fileRef = 9747A1011C72346E005BFD0D /* BookDetailController.swift */; };
		974FE6771C74DFE900B27D69 /* ImageCache.swift in Sources */ = {isa = PBXBuildFile; fileRef = 974FE6761C74DFE900B27D69 /* ImageCache.swift */; };
		9759050A1C49343A00A6345B /* LaunchScreen.storyboard in Resources */ = {isa = PBXBuildFile; fileRef = 975905061C49343A00A6345B /* LaunchScreen.storyboard */; };
		9759050B1C49343A00A6345B /* Main.storyboard in Resources */ = {isa = PBXBuildFile; fileRef = 975905081C49343A00A6345B /* Main.storyboard */; };
		9759050D1C49374600A6345B /* NewsViewController.swift in Sources */ = {isa = PBXBuildFile; fileRef = 9759050C1C49374600A6345B /* NewsViewController.swift */; };
		9759050F1C493D3B00A6345B /* DetailViewProtocol.swift in Sources */ = {isa = PBXBuildFile; fileRef = 9759050E1C493D3B00A6345B /* DetailViewProtocol.swift */; };
		9768D8E81C60FFDD004A0210 /* ImageViewer.swift in Sources */ = {isa = PBXBuildFile; fileRef = 9768D8E71C60FFDD004A0210 /* ImageViewer.swift */; };
		97A29B791C6B19CA00BD98DB /* ItemsCollectionViewController.swift in Sources */ = {isa = PBXBuildFile; fileRef = 97A29B781C6B19CA00BD98DB /* ItemsCollectionViewController.swift */; };
		97A29B7B1C6B1A0200BD98DB /* ItemsCollection.swift in Sources */ = {isa = PBXBuildFile; fileRef = 97A29B7A1C6B1A0200BD98DB /* ItemsCollection.swift */; };
		97AD4CE71C4D37730016F758 /* TableView.swift in Sources */ = {isa = PBXBuildFile; fileRef = 97AD4CE61C4D37730016F758 /* TableView.swift */; };
		97B10ADF1C57496800B2C3F5 /* DateLabel.swift in Sources */ = {isa = PBXBuildFile; fileRef = 97B10ADE1C57496800B2C3F5 /* DateLabel.swift */; };
		97B1E4941C6C58470091F9AE /* Loader.swift in Sources */ = {isa = PBXBuildFile; fileRef = 97B1E4931C6C58470091F9AE /* Loader.swift */; };
		97CFC62F1C626786007ED24D /* HTTP.swift in Sources */ = {isa = PBXBuildFile; fileRef = 97CFC62E1C626786007ED24D /* HTTP.swift */; };
		97CFC6311C62697F007ED24D /* SiteAPI.swift in Sources */ = {isa = PBXBuildFile; fileRef = 97CFC6301C62697F007ED24D /* SiteAPI.swift */; };
		97CFC6331C627E59007ED24D /* Strings.swift in Sources */ = {isa = PBXBuildFile; fileRef = 97CFC6321C627E59007ED24D /* Strings.swift */; };
		97E06B6B1C676746003DDB8D /* Books.swift in Sources */ = {isa = PBXBuildFile; fileRef = 97E06B6A1C676746003DDB8D /* Books.swift */; };
		97E06B701C677DEF003DDB8D /* BookCell.swift in Sources */ = {isa = PBXBuildFile; fileRef = 97E06B6F1C677DEF003DDB8D /* BookCell.swift */; };
		97E06B741C6796F0003DDB8D /* ItemsListViewController.swift in Sources */ = {isa = PBXBuildFile; fileRef = 97E06B731C6796F0003DDB8D /* ItemsListViewController.swift */; };
		97E06B771C67973E003DDB8D /* ItemsFilter.swift in Sources */ = {isa = PBXBuildFile; fileRef = 97E06B761C67973E003DDB8D /* ItemsFilter.swift */; };
		97E06B791C679748003DDB8D /* ItemsListTable.swift in Sources */ = {isa = PBXBuildFile; fileRef = 97E06B781C679748003DDB8D /* ItemsListTable.swift */; };
		97E06B7B1C679B7A003DDB8D /* Items.swift in Sources */ = {isa = PBXBuildFile; fileRef = 97E06B7A1C679B7A003DDB8D /* Items.swift */; };
		97E06B7D1C67A7FB003DDB8D /* Constants.swift in Sources */ = {isa = PBXBuildFile; fileRef = 97E06B7C1C67A7FB003DDB8D /* Constants.swift */; };
		97E4CEDC1C667C7B00C0FE50 /* Log.swift in Sources */ = {isa = PBXBuildFile; fileRef = 97E4CEDB1C667C7B00C0FE50 /* Log.swift */; };
		97E4CEDF1C66842A00C0FE50 /* BooksViewController.swift in Sources */ = {isa = PBXBuildFile; fileRef = 97E4CEDE1C66842A00C0FE50 /* BooksViewController.swift */; };
		97E591AF1C607F3F0098C822 /* Sizer.swift in Sources */ = {isa = PBXBuildFile; fileRef = 97E591AE1C607F3F0098C822 /* Sizer.swift */; };
		97EA403D1C7440E00018B1C5 /* CoreDataStackManager.swift in Sources */ = {isa = PBXBuildFile; fileRef = 97EA403C1C7440E00018B1C5 /* CoreDataStackManager.swift */; };
		97EA40421C7441E90018B1C5 /* Model.xcdatamodeld in Sources */ = {isa = PBXBuildFile; fileRef = 97EA40401C7441E90018B1C5 /* Model.xcdatamodeld */; };
		97EA40441C74436C0018B1C5 /* Image.swift in Sources */ = {isa = PBXBuildFile; fileRef = 97EA40431C74436C0018B1C5 /* Image.swift */; };
		97EA40461C744F540018B1C5 /* Category.swift in Sources */ = {isa = PBXBuildFile; fileRef = 97EA40451C744F540018B1C5 /* Category.swift */; };
		97EC18841C6CE1690081674C /* ItemsCollectionLayout.swift in Sources */ = {isa = PBXBuildFile; fileRef = 97EC18831C6CE1690081674C /* ItemsCollectionLayout.swift */; };
/* End PBXBuildFile section */

/* Begin PBXContainerItemProxy section */
		973D59F01C2A5FCE001CB704 /* PBXContainerItemProxy */ = {
			isa = PBXContainerItemProxy;
			containerPortal = 973D59D11C2A5FCE001CB704 /* Project object */;
			proxyType = 1;
			remoteGlobalIDString = 973D59D81C2A5FCE001CB704;
			remoteInfo = mahanenko.ru;
		};
		973D59FB1C2A5FCE001CB704 /* PBXContainerItemProxy */ = {
			isa = PBXContainerItemProxy;
			containerPortal = 973D59D11C2A5FCE001CB704 /* Project object */;
			proxyType = 1;
			remoteGlobalIDString = 973D59D81C2A5FCE001CB704;
			remoteInfo = mahanenko.ru;
		};
/* End PBXContainerItemProxy section */

/* Begin PBXFileReference section */
		97264D721C6B940B00942494 /* CollectionView.swift */ = {isa = PBXFileReference; fileEncoding = 4; lastKnownFileType = sourcecode.swift; path = CollectionView.swift; sourceTree = "<group>"; };
		97264D741C6B96CB00942494 /* CollectionCellView.swift */ = {isa = PBXFileReference; fileEncoding = 4; lastKnownFileType = sourcecode.swift; path = CollectionCellView.swift; sourceTree = "<group>"; };
		972E37F21C4CB3D20055AA66 /* NewsCell.swift */ = {isa = PBXFileReference; fileEncoding = 4; lastKnownFileType = sourcecode.swift; path = NewsCell.swift; sourceTree = "<group>"; };
		972E37F61C4CC0860055AA66 /* NewsDetailController.swift */ = {isa = PBXFileReference; fileEncoding = 4; lastKnownFileType = sourcecode.swift; path = NewsDetailController.swift; sourceTree = "<group>"; };
		972E37F81C4CC2860055AA66 /* News.swift */ = {isa = PBXFileReference; fileEncoding = 4; lastKnownFileType = sourcecode.swift; path = News.swift; sourceTree = "<group>"; };
		9731A91B1C78DCBB007EB428 /* ru */ = {isa = PBXFileReference; lastKnownFileType = text.plist.strings; name = ru; path = ru.lproj/Localizable.strings; sourceTree = "<group>"; };
		9731A9201C78DCBB007EB428 /* ru */ = {isa = PBXFileReference; lastKnownFileType = text.plist.strings; name = ru; path = ru.lproj/InfoPlist.strings; sourceTree = "<group>"; };
		9731A9251C78DCBC007EB428 /* ru */ = {isa = PBXFileReference; lastKnownFileType = text.plist.strings; name = ru; path = ru.lproj/InfoPlist.strings; sourceTree = "<group>"; };
		9731A92A1C78DCBC007EB428 /* ru */ = {isa = PBXFileReference; lastKnownFileType = text.plist.strings; name = ru; path = ru.lproj/InfoPlist.strings; sourceTree = "<group>"; };
		973294651C4F64E800908F81 /* HexColor.swift */ = {isa = PBXFileReference; fileEncoding = 4; lastKnownFileType = sourcecode.swift; path = HexColor.swift; sourceTree = "<group>"; };
		973294681C4F662700908F81 /* TableCellView.swift */ = {isa = PBXFileReference; fileEncoding = 4; lastKnownFileType = sourcecode.swift; path = TableCellView.swift; sourceTree = "<group>"; };
		973D59D91C2A5FCE001CB704 /* mahanenko.ru.app */ = {isa = PBXFileReference; explicitFileType = wrapper.application; includeInIndex = 0; path = mahanenko.ru.app; sourceTree = BUILT_PRODUCTS_DIR; };
		973D59DC1C2A5FCE001CB704 /* AppDelegate.swift */ = {isa = PBXFileReference; lastKnownFileType = sourcecode.swift; path = AppDelegate.swift; sourceTree = "<group>"; };
		973D59DE1C2A5FCE001CB704 /* MenuViewController.swift */ = {isa = PBXFileReference; lastKnownFileType = sourcecode.swift; path = MenuViewController.swift; sourceTree = "<group>"; };
		973D59E01C2A5FCE001CB704 /* DetailViewController.swift */ = {isa = PBXFileReference; lastKnownFileType = sourcecode.swift; path = DetailViewController.swift; sourceTree = "<group>"; };
		973D59E51C2A5FCE001CB704 /* Assets.xcassets */ = {isa = PBXFileReference; lastKnownFileType = folder.assetcatalog; path = Assets.xcassets; sourceTree = "<group>"; };
		973D59EA1C2A5FCE001CB704 /* Info.plist */ = {isa = PBXFileReference; lastKnownFileType = text.plist.xml; path = Info.plist; sourceTree = "<group>"; };
		973D59EF1C2A5FCE001CB704 /* mahanenko.ruTests.xctest */ = {isa = PBXFileReference; explicitFileType = wrapper.cfbundle; includeInIndex = 0; path = mahanenko.ruTests.xctest; sourceTree = BUILT_PRODUCTS_DIR; };
		973D59F31C2A5FCE001CB704 /* mahanenko_ruTests.swift */ = {isa = PBXFileReference; lastKnownFileType = sourcecode.swift; path = mahanenko_ruTests.swift; sourceTree = "<group>"; };
		973D59F51C2A5FCE001CB704 /* Info.plist */ = {isa = PBXFileReference; lastKnownFileType = text.plist.xml; path = Info.plist; sourceTree = "<group>"; };
		973D59FA1C2A5FCE001CB704 /* mahanenko.ruUITests.xctest */ = {isa = PBXFileReference; explicitFileType = wrapper.cfbundle; includeInIndex = 0; path = mahanenko.ruUITests.xctest; sourceTree = BUILT_PRODUCTS_DIR; };
		973D59FE1C2A5FCE001CB704 /* mahanenko_ruUITests.swift */ = {isa = PBXFileReference; lastKnownFileType = sourcecode.swift; path = mahanenko_ruUITests.swift; sourceTree = "<group>"; };
		973D5A001C2A5FCE001CB704 /* Info.plist */ = {isa = PBXFileReference; lastKnownFileType = text.plist.xml; path = Info.plist; sourceTree = "<group>"; };
		973D5A0D1C2A60FA001CB704 /* Menu.swift */ = {isa = PBXFileReference; fileEncoding = 4; lastKnownFileType = sourcecode.swift; path = Menu.swift; sourceTree = "<group>"; };
		9747A1011C72346E005BFD0D /* BookDetailController.swift */ = {isa = PBXFileReference; fileEncoding = 4; lastKnownFileType = sourcecode.swift; path = BookDetailController.swift; sourceTree = "<group>"; };
		974FC5B31C78DB17005FEC45 /* en */ = {isa = PBXFileReference; lastKnownFileType = text.plist.strings; name = en; path = en.lproj/LaunchScreen.strings; sourceTree = "<group>"; };
		974FC5B41C78DB17005FEC45 /* en */ = {isa = PBXFileReference; lastKnownFileType = text.plist.strings; name = en; path = en.lproj/Main.strings; sourceTree = "<group>"; };
		974FC5B51C78DB1F005FEC45 /* ru */ = {isa = PBXFileReference; lastKnownFileType = text.plist.strings; name = ru; path = ru.lproj/LaunchScreen.strings; sourceTree = "<group>"; };
		974FC5B61C78DB1F005FEC45 /* ru */ = {isa = PBXFileReference; lastKnownFileType = text.plist.strings; name = ru; path = ru.lproj/Main.strings; sourceTree = "<group>"; };
		974FE6761C74DFE900B27D69 /* ImageCache.swift */ = {isa = PBXFileReference; fileEncoding = 4; lastKnownFileType = sourcecode.swift; path = ImageCache.swift; sourceTree = "<group>"; };
		975905071C49343A00A6345B /* Base */ = {isa = PBXFileReference; lastKnownFileType = file.storyboard; name = Base; path = Base.lproj/LaunchScreen.storyboard; sourceTree = "<group>"; };
		975905091C49343A00A6345B /* Base */ = {isa = PBXFileReference; lastKnownFileType = file.storyboard; name = Base; path = Base.lproj/Main.storyboard; sourceTree = "<group>"; };
		9759050C1C49374600A6345B /* NewsViewController.swift */ = {isa = PBXFileReference; fileEncoding = 4; lastKnownFileType = sourcecode.swift; path = NewsViewController.swift; sourceTree = "<group>"; };
		9759050E1C493D3B00A6345B /* DetailViewProtocol.swift */ = {isa = PBXFileReference; fileEncoding = 4; lastKnownFileType = sourcecode.swift; path = DetailViewProtocol.swift; sourceTree = "<group>"; };
		9768D8E71C60FFDD004A0210 /* ImageViewer.swift */ = {isa = PBXFileReference; fileEncoding = 4; lastKnownFileType = sourcecode.swift; path = ImageViewer.swift; sourceTree = "<group>"; };
		97A29B781C6B19CA00BD98DB /* ItemsCollectionViewController.swift */ = {isa = PBXFileReference; fileEncoding = 4; lastKnownFileType = sourcecode.swift; path = ItemsCollectionViewController.swift; sourceTree = "<group>"; };
		97A29B7A1C6B1A0200BD98DB /* ItemsCollection.swift */ = {isa = PBXFileReference; fileEncoding = 4; lastKnownFileType = sourcecode.swift; path = ItemsCollection.swift; sourceTree = "<group>"; };
		97AD4CE61C4D37730016F758 /* TableView.swift */ = {isa = PBXFileReference; fileEncoding = 4; lastKnownFileType = sourcecode.swift; path = TableView.swift; sourceTree = "<group>"; };
		97B10ADE1C57496800B2C3F5 /* DateLabel.swift */ = {isa = PBXFileReference; fileEncoding = 4; lastKnownFileType = sourcecode.swift; path = DateLabel.swift; sourceTree = "<group>"; };
		97B1E4931C6C58470091F9AE /* Loader.swift */ = {isa = PBXFileReference; fileEncoding = 4; lastKnownFileType = sourcecode.swift; path = Loader.swift; sourceTree = "<group>"; };
		97CFC62E1C626786007ED24D /* HTTP.swift */ = {isa = PBXFileReference; fileEncoding = 4; lastKnownFileType = sourcecode.swift; path = HTTP.swift; sourceTree = "<group>"; };
		97CFC6301C62697F007ED24D /* SiteAPI.swift */ = {isa = PBXFileReference; fileEncoding = 4; lastKnownFileType = sourcecode.swift; path = SiteAPI.swift; sourceTree = "<group>"; };
		97CFC6321C627E59007ED24D /* Strings.swift */ = {isa = PBXFileReference; fileEncoding = 4; lastKnownFileType = sourcecode.swift; path = Strings.swift; sourceTree = "<group>"; };
		97E06B6A1C676746003DDB8D /* Books.swift */ = {isa = PBXFileReference; fileEncoding = 4; lastKnownFileType = sourcecode.swift; path = Books.swift; sourceTree = "<group>"; };
		97E06B6F1C677DEF003DDB8D /* BookCell.swift */ = {isa = PBXFileReference; fileEncoding = 4; lastKnownFileType = sourcecode.swift; path = BookCell.swift; sourceTree = "<group>"; };
		97E06B731C6796F0003DDB8D /* ItemsListViewController.swift */ = {isa = PBXFileReference; fileEncoding = 4; lastKnownFileType = sourcecode.swift; path = ItemsListViewController.swift; sourceTree = "<group>"; };
		97E06B761C67973E003DDB8D /* ItemsFilter.swift */ = {isa = PBXFileReference; fileEncoding = 4; lastKnownFileType = sourcecode.swift; path = ItemsFilter.swift; sourceTree = "<group>"; };
		97E06B781C679748003DDB8D /* ItemsListTable.swift */ = {isa = PBXFileReference; fileEncoding = 4; lastKnownFileType = sourcecode.swift; path = ItemsListTable.swift; sourceTree = "<group>"; };
		97E06B7A1C679B7A003DDB8D /* Items.swift */ = {isa = PBXFileReference; fileEncoding = 4; lastKnownFileType = sourcecode.swift; path = Items.swift; sourceTree = "<group>"; };
		97E06B7C1C67A7FB003DDB8D /* Constants.swift */ = {isa = PBXFileReference; fileEncoding = 4; lastKnownFileType = sourcecode.swift; path = Constants.swift; sourceTree = "<group>"; };
		97E4CEDB1C667C7B00C0FE50 /* Log.swift */ = {isa = PBXFileReference; fileEncoding = 4; lastKnownFileType = sourcecode.swift; path = Log.swift; sourceTree = "<group>"; };
		97E4CEDE1C66842A00C0FE50 /* BooksViewController.swift */ = {isa = PBXFileReference; fileEncoding = 4; lastKnownFileType = sourcecode.swift; path = BooksViewController.swift; sourceTree = "<group>"; };
		97E591AE1C607F3F0098C822 /* Sizer.swift */ = {isa = PBXFileReference; fileEncoding = 4; lastKnownFileType = sourcecode.swift; path = Sizer.swift; sourceTree = "<group>"; };
		97EA403C1C7440E00018B1C5 /* CoreDataStackManager.swift */ = {isa = PBXFileReference; fileEncoding = 4; lastKnownFileType = sourcecode.swift; path = CoreDataStackManager.swift; sourceTree = "<group>"; };
		97EA40411C7441E90018B1C5 /* Model.xcdatamodel */ = {isa = PBXFileReference; lastKnownFileType = wrapper.xcdatamodel; path = Model.xcdatamodel; sourceTree = "<group>"; };
		97EA40431C74436C0018B1C5 /* Image.swift */ = {isa = PBXFileReference; fileEncoding = 4; lastKnownFileType = sourcecode.swift; path = Image.swift; sourceTree = "<group>"; };
		97EA40451C744F540018B1C5 /* Category.swift */ = {isa = PBXFileReference; fileEncoding = 4; lastKnownFileType = sourcecode.swift; path = Category.swift; sourceTree = "<group>"; };
		97EC18831C6CE1690081674C /* ItemsCollectionLayout.swift */ = {isa = PBXFileReference; fileEncoding = 4; lastKnownFileType = sourcecode.swift; path = ItemsCollectionLayout.swift; sourceTree = "<group>"; };
/* End PBXFileReference section */

/* Begin PBXFrameworksBuildPhase section */
		973D59D61C2A5FCE001CB704 /* Frameworks */ = {
			isa = PBXFrameworksBuildPhase;
			buildActionMask = 2147483647;
			files = (
			);
			runOnlyForDeploymentPostprocessing = 0;
		};
		973D59EC1C2A5FCE001CB704 /* Frameworks */ = {
			isa = PBXFrameworksBuildPhase;
			buildActionMask = 2147483647;
			files = (
			);
			runOnlyForDeploymentPostprocessing = 0;
		};
		973D59F71C2A5FCE001CB704 /* Frameworks */ = {
			isa = PBXFrameworksBuildPhase;
			buildActionMask = 2147483647;
			files = (
			);
			runOnlyForDeploymentPostprocessing = 0;
		};
/* End PBXFrameworksBuildPhase section */

/* Begin PBXGroup section */
		972E37F11C4CB3B90055AA66 /* News */ = {
			isa = PBXGroup;
			children = (
				9759050C1C49374600A6345B /* NewsViewController.swift */,
				972E37F21C4CB3D20055AA66 /* NewsCell.swift */,
				972E37F61C4CC0860055AA66 /* NewsDetailController.swift */,
				97B10ADE1C57496800B2C3F5 /* DateLabel.swift */,
			);
			name = News;
			sourceTree = "<group>";
		};
		973294641C4F64DE00908F81 /* Utils */ = {
			isa = PBXGroup;
			children = (
				973294651C4F64E800908F81 /* HexColor.swift */,
				97E591AE1C607F3F0098C822 /* Sizer.swift */,
				97CFC62E1C626786007ED24D /* HTTP.swift */,
				97CFC6301C62697F007ED24D /* SiteAPI.swift */,
				97CFC6321C627E59007ED24D /* Strings.swift */,
				97E4CEDB1C667C7B00C0FE50 /* Log.swift */,
				97EA403C1C7440E00018B1C5 /* CoreDataStackManager.swift */,
				974FE6761C74DFE900B27D69 /* ImageCache.swift */,
			);
			name = Utils;
			sourceTree = "<group>";
		};
		973294671C4F661A00908F81 /* Common */ = {
			isa = PBXGroup;
			children = (
				97B1E4961C6C5F310091F9AE /* TableView */,
				97B1E4951C6C5F250091F9AE /* CollectionView */,
				97B1E4931C6C58470091F9AE /* Loader.swift */,
				97E06B751C67972E003DDB8D /* ItemsList */,
				9768D8E71C60FFDD004A0210 /* ImageViewer.swift */,
				9759050E1C493D3B00A6345B /* DetailViewProtocol.swift */,
				97E06B7C1C67A7FB003DDB8D /* Constants.swift */,
			);
			name = Common;
			sourceTree = "<group>";
		};
		973D59D01C2A5FCE001CB704 = {
			isa = PBXGroup;
			children = (
				973D59DB1C2A5FCE001CB704 /* mahanenko.ru */,
				973D59F21C2A5FCE001CB704 /* mahanenko.ruTests */,
				973D59FD1C2A5FCE001CB704 /* mahanenko.ruUITests */,
				973D59DA1C2A5FCE001CB704 /* Products */,
			);
			sourceTree = "<group>";
		};
		973D59DA1C2A5FCE001CB704 /* Products */ = {
			isa = PBXGroup;
			children = (
				973D59D91C2A5FCE001CB704 /* mahanenko.ru.app */,
				973D59EF1C2A5FCE001CB704 /* mahanenko.ruTests.xctest */,
				973D59FA1C2A5FCE001CB704 /* mahanenko.ruUITests.xctest */,
			);
			name = Products;
			sourceTree = "<group>";
		};
		973D59DB1C2A5FCE001CB704 /* mahanenko.ru */ = {
			isa = PBXGroup;
			children = (
				973294641C4F64DE00908F81 /* Utils */,
				975905051C492D2F00A6345B /* View */,
				973D5A0C1C2A60E7001CB704 /* Model */,
				973D59DC1C2A5FCE001CB704 /* AppDelegate.swift */,
				973D5A0F1C2A626B001CB704 /* Resources */,
			);
			path = mahanenko.ru;
			sourceTree = "<group>";
		};
		973D59F21C2A5FCE001CB704 /* mahanenko.ruTests */ = {
			isa = PBXGroup;
			children = (
				9731A9261C78DCBC007EB428 /* InfoPlist.strings */,
				973D59F31C2A5FCE001CB704 /* mahanenko_ruTests.swift */,
				973D59F51C2A5FCE001CB704 /* Info.plist */,
			);
			path = mahanenko.ruTests;
			sourceTree = "<group>";
		};
		973D59FD1C2A5FCE001CB704 /* mahanenko.ruUITests */ = {
			isa = PBXGroup;
			children = (
				9731A92B1C78DCBC007EB428 /* InfoPlist.strings */,
				973D59FE1C2A5FCE001CB704 /* mahanenko_ruUITests.swift */,
				973D5A001C2A5FCE001CB704 /* Info.plist */,
			);
			path = mahanenko.ruUITests;
			sourceTree = "<group>";
		};
		973D5A0C1C2A60E7001CB704 /* Model */ = {
			isa = PBXGroup;
			children = (
				973D5A0D1C2A60FA001CB704 /* Menu.swift */,
				972E37F81C4CC2860055AA66 /* News.swift */,
				97E06B6A1C676746003DDB8D /* Books.swift */,
				97EA40401C7441E90018B1C5 /* Model.xcdatamodeld */,
				97EA40431C74436C0018B1C5 /* Image.swift */,
				97EA40451C744F540018B1C5 /* Category.swift */,
			);
			name = Model;
			sourceTree = "<group>";
		};
		973D5A0F1C2A626B001CB704 /* Resources */ = {
			isa = PBXGroup;
			children = (
				9731A9211C78DCBB007EB428 /* InfoPlist.strings */,
				9731A91C1C78DCBB007EB428 /* Localizable.strings */,
				975905061C49343A00A6345B /* LaunchScreen.storyboard */,
				975905081C49343A00A6345B /* Main.storyboard */,
				973D59E51C2A5FCE001CB704 /* Assets.xcassets */,
				973D59EA1C2A5FCE001CB704 /* Info.plist */,
			);
			name = Resources;
			sourceTree = "<group>";
		};
		975905051C492D2F00A6345B /* View */ = {
			isa = PBXGroup;
			children = (
				97E4CEDD1C66841900C0FE50 /* Books */,
				973294671C4F661A00908F81 /* Common */,
				973D59E01C2A5FCE001CB704 /* DetailViewController.swift */,
				972E37F11C4CB3B90055AA66 /* News */,
				973D59DE1C2A5FCE001CB704 /* MenuViewController.swift */,
			);
			name = View;
			sourceTree = "<group>";
		};
		97B1E4951C6C5F250091F9AE /* CollectionView */ = {
			isa = PBXGroup;
			children = (
				97264D721C6B940B00942494 /* CollectionView.swift */,
				97264D741C6B96CB00942494 /* CollectionCellView.swift */,
			);
			name = CollectionView;
			sourceTree = "<group>";
		};
		97B1E4961C6C5F310091F9AE /* TableView */ = {
			isa = PBXGroup;
			children = (
				97AD4CE61C4D37730016F758 /* TableView.swift */,
				973294681C4F662700908F81 /* TableCellView.swift */,
			);
			name = TableView;
			sourceTree = "<group>";
		};
		97E06B751C67972E003DDB8D /* ItemsList */ = {
			isa = PBXGroup;
			children = (
				97E06B731C6796F0003DDB8D /* ItemsListViewController.swift */,
				97E06B761C67973E003DDB8D /* ItemsFilter.swift */,
				97E06B781C679748003DDB8D /* ItemsListTable.swift */,
				97E06B7A1C679B7A003DDB8D /* Items.swift */,
				97A29B781C6B19CA00BD98DB /* ItemsCollectionViewController.swift */,
				97A29B7A1C6B1A0200BD98DB /* ItemsCollection.swift */,
				97EC18831C6CE1690081674C /* ItemsCollectionLayout.swift */,
			);
			name = ItemsList;
			sourceTree = "<group>";
		};
		97E4CEDD1C66841900C0FE50 /* Books */ = {
			isa = PBXGroup;
			children = (
				97E4CEDE1C66842A00C0FE50 /* BooksViewController.swift */,
				97E06B6F1C677DEF003DDB8D /* BookCell.swift */,
				9747A1011C72346E005BFD0D /* BookDetailController.swift */,
			);
			name = Books;
			sourceTree = "<group>";
		};
/* End PBXGroup section */

/* Begin PBXNativeTarget section */
		973D59D81C2A5FCE001CB704 /* mahanenko.ru */ = {
			isa = PBXNativeTarget;
			buildConfigurationList = 973D5A031C2A5FCE001CB704 /* Build configuration list for PBXNativeTarget "mahanenko.ru" */;
			buildPhases = (
				973D59D51C2A5FCE001CB704 /* Sources */,
				973D59D61C2A5FCE001CB704 /* Frameworks */,
				973D59D71C2A5FCE001CB704 /* Resources */,
				97BBC5461C68F9BC0060672C /* ShellScript */,
			);
			buildRules = (
			);
			dependencies = (
			);
			name = mahanenko.ru;
			productName = mahanenko.ru;
			productReference = 973D59D91C2A5FCE001CB704 /* mahanenko.ru.app */;
			productType = "com.apple.product-type.application";
		};
		973D59EE1C2A5FCE001CB704 /* mahanenko.ruTests */ = {
			isa = PBXNativeTarget;
			buildConfigurationList = 973D5A061C2A5FCE001CB704 /* Build configuration list for PBXNativeTarget "mahanenko.ruTests" */;
			buildPhases = (
				973D59EB1C2A5FCE001CB704 /* Sources */,
				973D59EC1C2A5FCE001CB704 /* Frameworks */,
				973D59ED1C2A5FCE001CB704 /* Resources */,
			);
			buildRules = (
			);
			dependencies = (
				973D59F11C2A5FCE001CB704 /* PBXTargetDependency */,
			);
			name = mahanenko.ruTests;
			productName = mahanenko.ruTests;
			productReference = 973D59EF1C2A5FCE001CB704 /* mahanenko.ruTests.xctest */;
			productType = "com.apple.product-type.bundle.unit-test";
		};
		973D59F91C2A5FCE001CB704 /* mahanenko.ruUITests */ = {
			isa = PBXNativeTarget;
			buildConfigurationList = 973D5A091C2A5FCE001CB704 /* Build configuration list for PBXNativeTarget "mahanenko.ruUITests" */;
			buildPhases = (
				973D59F61C2A5FCE001CB704 /* Sources */,
				973D59F71C2A5FCE001CB704 /* Frameworks */,
				973D59F81C2A5FCE001CB704 /* Resources */,
			);
			buildRules = (
			);
			dependencies = (
				973D59FC1C2A5FCE001CB704 /* PBXTargetDependency */,
			);
			name = mahanenko.ruUITests;
			productName = mahanenko.ruUITests;
			productReference = 973D59FA1C2A5FCE001CB704 /* mahanenko.ruUITests.xctest */;
			productType = "com.apple.product-type.bundle.ui-testing";
		};
/* End PBXNativeTarget section */

/* Begin PBXProject section */
		973D59D11C2A5FCE001CB704 /* Project object */ = {
			isa = PBXProject;
			attributes = {
				LastSwiftUpdateCheck = 0720;
				LastUpgradeCheck = 0720;
				ORGANIZATIONNAME = norlin;
				TargetAttributes = {
					973D59D81C2A5FCE001CB704 = {
						CreatedOnToolsVersion = 7.2;
					};
					973D59EE1C2A5FCE001CB704 = {
						CreatedOnToolsVersion = 7.2;
						TestTargetID = 973D59D81C2A5FCE001CB704;
					};
					973D59F91C2A5FCE001CB704 = {
						CreatedOnToolsVersion = 7.2;
						TestTargetID = 973D59D81C2A5FCE001CB704;
					};
				};
			};
			buildConfigurationList = 973D59D41C2A5FCE001CB704 /* Build configuration list for PBXProject "mahanenko.ru" */;
			compatibilityVersion = "Xcode 3.2";
			developmentRegion = English;
			hasScannedForEncodings = 0;
			knownRegions = (
				Base,
			);
			mainGroup = 973D59D01C2A5FCE001CB704;
			productRefGroup = 973D59DA1C2A5FCE001CB704 /* Products */;
			projectDirPath = "";
			projectRoot = "";
			targets = (
				973D59D81C2A5FCE001CB704 /* mahanenko.ru */,
				973D59EE1C2A5FCE001CB704 /* mahanenko.ruTests */,
				973D59F91C2A5FCE001CB704 /* mahanenko.ruUITests */,
			);
		};
/* End PBXProject section */

/* Begin PBXResourcesBuildPhase section */
		973D59D71C2A5FCE001CB704 /* Resources */ = {
			isa = PBXResourcesBuildPhase;
			buildActionMask = 2147483647;
			files = (
				9759050B1C49343A00A6345B /* Main.storyboard in Resources */,
				9731A91A1C78DCBB007EB428 /* Localizable.strings in Resources */,
				973D59E61C2A5FCE001CB704 /* Assets.xcassets in Resources */,
				9759050A1C49343A00A6345B /* LaunchScreen.storyboard in Resources */,
				9731A91F1C78DCBB007EB428 /* InfoPlist.strings in Resources */,
			);
			runOnlyForDeploymentPostprocessing = 0;
		};
		973D59ED1C2A5FCE001CB704 /* Resources */ = {
			isa = PBXResourcesBuildPhase;
			buildActionMask = 2147483647;
			files = (
				9731A9241C78DCBC007EB428 /* InfoPlist.strings in Resources */,
			);
			runOnlyForDeploymentPostprocessing = 0;
		};
		973D59F81C2A5FCE001CB704 /* Resources */ = {
			isa = PBXResourcesBuildPhase;
			buildActionMask = 2147483647;
			files = (
				9731A9291C78DCBC007EB428 /* InfoPlist.strings in Resources */,
			);
			runOnlyForDeploymentPostprocessing = 0;
		};
/* End PBXResourcesBuildPhase section */

/* Begin PBXShellScriptBuildPhase section */
		97BBC5461C68F9BC0060672C /* ShellScript */ = {
			isa = PBXShellScriptBuildPhase;
			buildActionMask = 2147483647;
			files = (
			);
			inputPaths = (
			);
			outputPaths = (
			);
			runOnlyForDeploymentPostprocessing = 0;
			shellPath = /bin/sh;
			shellScript = "buildNumber=$(git rev-parse --short HEAD)\n/usr/libexec/PlistBuddy -c \"Set :CFBundleVersion $buildNumber\" \"${PROJECT_DIR}/${INFOPLIST_FILE}\"";
		};
/* End PBXShellScriptBuildPhase section */

/* Begin PBXSourcesBuildPhase section */
		973D59D51C2A5FCE001CB704 /* Sources */ = {
			isa = PBXSourcesBuildPhase;
			buildActionMask = 2147483647;
			files = (
				97E06B771C67973E003DDB8D /* ItemsFilter.swift in Sources */,
				97E06B6B1C676746003DDB8D /* Books.swift in Sources */,
				97B10ADF1C57496800B2C3F5 /* DateLabel.swift in Sources */,
				97EA403D1C7440E00018B1C5 /* CoreDataStackManager.swift in Sources */,
				973D59E11C2A5FCE001CB704 /* DetailViewController.swift in Sources */,
				97E06B7B1C679B7A003DDB8D /* Items.swift in Sources */,
				97CFC6331C627E59007ED24D /* Strings.swift in Sources */,
				97264D731C6B940B00942494 /* CollectionView.swift in Sources */,
				9768D8E81C60FFDD004A0210 /* ImageViewer.swift in Sources */,
				97AD4CE71C4D37730016F758 /* TableView.swift in Sources */,
				97E591AF1C607F3F0098C822 /* Sizer.swift in Sources */,
				973294661C4F64E800908F81 /* HexColor.swift in Sources */,
				972E37F71C4CC0860055AA66 /* NewsDetailController.swift in Sources */,
				97E4CEDC1C667C7B00C0FE50 /* Log.swift in Sources */,
				9759050F1C493D3B00A6345B /* DetailViewProtocol.swift in Sources */,
				97CFC6311C62697F007ED24D /* SiteAPI.swift in Sources */,
				972E37F91C4CC2860055AA66 /* News.swift in Sources */,
				97CFC62F1C626786007ED24D /* HTTP.swift in Sources */,
				97E4CEDF1C66842A00C0FE50 /* BooksViewController.swift in Sources */,
				973294691C4F662700908F81 /* TableCellView.swift in Sources */,
				973D59DF1C2A5FCE001CB704 /* MenuViewController.swift in Sources */,
				97EA40461C744F540018B1C5 /* Category.swift in Sources */,
				97EC18841C6CE1690081674C /* ItemsCollectionLayout.swift in Sources */,
				9747A1021C72346E005BFD0D /* BookDetailController.swift in Sources */,
				97EA40421C7441E90018B1C5 /* Model.xcdatamodeld in Sources */,
				97264D751C6B96CB00942494 /* CollectionCellView.swift in Sources */,
				972E37F31C4CB3D20055AA66 /* NewsCell.swift in Sources */,
				974FE6771C74DFE900B27D69 /* ImageCache.swift in Sources */,
				973D5A0E1C2A60FA001CB704 /* Menu.swift in Sources */,
				97E06B741C6796F0003DDB8D /* ItemsListViewController.swift in Sources */,
				9759050D1C49374600A6345B /* NewsViewController.swift in Sources */,
				973D59DD1C2A5FCE001CB704 /* AppDelegate.swift in Sources */,
				97E06B791C679748003DDB8D /* ItemsListTable.swift in Sources */,
				97EA40441C74436C0018B1C5 /* Image.swift in Sources */,
				97A29B7B1C6B1A0200BD98DB /* ItemsCollection.swift in Sources */,
				97E06B701C677DEF003DDB8D /* BookCell.swift in Sources */,
				97E06B7D1C67A7FB003DDB8D /* Constants.swift in Sources */,
				97B1E4941C6C58470091F9AE /* Loader.swift in Sources */,
				97A29B791C6B19CA00BD98DB /* ItemsCollectionViewController.swift in Sources */,
			);
			runOnlyForDeploymentPostprocessing = 0;
		};
		973D59EB1C2A5FCE001CB704 /* Sources */ = {
			isa = PBXSourcesBuildPhase;
			buildActionMask = 2147483647;
			files = (
				973D59F41C2A5FCE001CB704 /* mahanenko_ruTests.swift in Sources */,
			);
			runOnlyForDeploymentPostprocessing = 0;
		};
		973D59F61C2A5FCE001CB704 /* Sources */ = {
			isa = PBXSourcesBuildPhase;
			buildActionMask = 2147483647;
			files = (
				973D59FF1C2A5FCE001CB704 /* mahanenko_ruUITests.swift in Sources */,
			);
			runOnlyForDeploymentPostprocessing = 0;
		};
/* End PBXSourcesBuildPhase section */

/* Begin PBXTargetDependency section */
		973D59F11C2A5FCE001CB704 /* PBXTargetDependency */ = {
			isa = PBXTargetDependency;
			target = 973D59D81C2A5FCE001CB704 /* mahanenko.ru */;
			targetProxy = 973D59F01C2A5FCE001CB704 /* PBXContainerItemProxy */;
		};
		973D59FC1C2A5FCE001CB704 /* PBXTargetDependency */ = {
			isa = PBXTargetDependency;
			target = 973D59D81C2A5FCE001CB704 /* mahanenko.ru */;
			targetProxy = 973D59FB1C2A5FCE001CB704 /* PBXContainerItemProxy */;
		};
/* End PBXTargetDependency section */

/* Begin PBXVariantGroup section */
		9731A91C1C78DCBB007EB428 /* Localizable.strings */ = {
			isa = PBXVariantGroup;
			children = (
				9731A91B1C78DCBB007EB428 /* ru */,
			);
			name = Localizable.strings;
			sourceTree = "<group>";
		};
		9731A9211C78DCBB007EB428 /* InfoPlist.strings */ = {
			isa = PBXVariantGroup;
			children = (
				9731A9201C78DCBB007EB428 /* ru */,
			);
			name = InfoPlist.strings;
			sourceTree = "<group>";
		};
		9731A9261C78DCBC007EB428 /* InfoPlist.strings */ = {
			isa = PBXVariantGroup;
			children = (
				9731A9251C78DCBC007EB428 /* ru */,
			);
			name = InfoPlist.strings;
			sourceTree = "<group>";
		};
		9731A92B1C78DCBC007EB428 /* InfoPlist.strings */ = {
			isa = PBXVariantGroup;
			children = (
				9731A92A1C78DCBC007EB428 /* ru */,
			);
			name = InfoPlist.strings;
			sourceTree = "<group>";
		};
		975905061C49343A00A6345B /* LaunchScreen.storyboard */ = {
			isa = PBXVariantGroup;
			children = (
				975905071C49343A00A6345B /* Base */,
				974FC5B31C78DB17005FEC45 /* en */,
				974FC5B51C78DB1F005FEC45 /* ru */,
			);
			name = LaunchScreen.storyboard;
			sourceTree = "<group>";
		};
		975905081C49343A00A6345B /* Main.storyboard */ = {
			isa = PBXVariantGroup;
			children = (
				975905091C49343A00A6345B /* Base */,
				974FC5B41C78DB17005FEC45 /* en */,
				974FC5B61C78DB1F005FEC45 /* ru */,
			);
			name = Main.storyboard;
			sourceTree = "<group>";
		};
/* End PBXVariantGroup section */

/* Begin XCBuildConfiguration section */
		973D5A011C2A5FCE001CB704 /* Debug */ = {
			isa = XCBuildConfiguration;
			buildSettings = {
				ALWAYS_SEARCH_USER_PATHS = NO;
				CLANG_CXX_LANGUAGE_STANDARD = "gnu++0x";
				CLANG_CXX_LIBRARY = "libc++";
				CLANG_ENABLE_MODULES = YES;
				CLANG_ENABLE_OBJC_ARC = YES;
				CLANG_WARN_BOOL_CONVERSION = YES;
				CLANG_WARN_CONSTANT_CONVERSION = YES;
				CLANG_WARN_DIRECT_OBJC_ISA_USAGE = YES_ERROR;
				CLANG_WARN_EMPTY_BODY = YES;
				CLANG_WARN_ENUM_CONVERSION = YES;
				CLANG_WARN_INT_CONVERSION = YES;
				CLANG_WARN_OBJC_ROOT_CLASS = YES_ERROR;
				CLANG_WARN_UNREACHABLE_CODE = YES;
				CLANG_WARN__DUPLICATE_METHOD_MATCH = YES;
				"CODE_SIGN_IDENTITY[sdk=iphoneos*]" = "iPhone Developer";
				COPY_PHASE_STRIP = NO;
				DEBUG_INFORMATION_FORMAT = dwarf;
				ENABLE_STRICT_OBJC_MSGSEND = YES;
				ENABLE_TESTABILITY = YES;
				GCC_C_LANGUAGE_STANDARD = gnu99;
				GCC_DYNAMIC_NO_PIC = NO;
				GCC_NO_COMMON_BLOCKS = YES;
				GCC_OPTIMIZATION_LEVEL = 0;
				GCC_PREPROCESSOR_DEFINITIONS = (
					"DEBUG=1",
					"$(inherited)",
				);
				GCC_WARN_64_TO_32_BIT_CONVERSION = YES;
				GCC_WARN_ABOUT_RETURN_TYPE = YES_ERROR;
				GCC_WARN_UNDECLARED_SELECTOR = YES;
				GCC_WARN_UNINITIALIZED_AUTOS = YES_AGGRESSIVE;
				GCC_WARN_UNUSED_FUNCTION = YES;
				GCC_WARN_UNUSED_VARIABLE = YES;
				IPHONEOS_DEPLOYMENT_TARGET = 9.2;
				MTL_ENABLE_DEBUG_INFO = YES;
				ONLY_ACTIVE_ARCH = YES;
				SDKROOT = iphoneos;
				SWIFT_OPTIMIZATION_LEVEL = "-Onone";
				TARGETED_DEVICE_FAMILY = "1,2";
			};
			name = Debug;
		};
		973D5A021C2A5FCE001CB704 /* Release */ = {
			isa = XCBuildConfiguration;
			buildSettings = {
				ALWAYS_SEARCH_USER_PATHS = NO;
				CLANG_CXX_LANGUAGE_STANDARD = "gnu++0x";
				CLANG_CXX_LIBRARY = "libc++";
				CLANG_ENABLE_MODULES = YES;
				CLANG_ENABLE_OBJC_ARC = YES;
				CLANG_WARN_BOOL_CONVERSION = YES;
				CLANG_WARN_CONSTANT_CONVERSION = YES;
				CLANG_WARN_DIRECT_OBJC_ISA_USAGE = YES_ERROR;
				CLANG_WARN_EMPTY_BODY = YES;
				CLANG_WARN_ENUM_CONVERSION = YES;
				CLANG_WARN_INT_CONVERSION = YES;
				CLANG_WARN_OBJC_ROOT_CLASS = YES_ERROR;
				CLANG_WARN_UNREACHABLE_CODE = YES;
				CLANG_WARN__DUPLICATE_METHOD_MATCH = YES;
				"CODE_SIGN_IDENTITY[sdk=iphoneos*]" = "iPhone Developer";
				COPY_PHASE_STRIP = NO;
				DEBUG_INFORMATION_FORMAT = "dwarf-with-dsym";
				ENABLE_NS_ASSERTIONS = NO;
				ENABLE_STRICT_OBJC_MSGSEND = YES;
				GCC_C_LANGUAGE_STANDARD = gnu99;
				GCC_NO_COMMON_BLOCKS = YES;
				GCC_WARN_64_TO_32_BIT_CONVERSION = YES;
				GCC_WARN_ABOUT_RETURN_TYPE = YES_ERROR;
				GCC_WARN_UNDECLARED_SELECTOR = YES;
				GCC_WARN_UNINITIALIZED_AUTOS = YES_AGGRESSIVE;
				GCC_WARN_UNUSED_FUNCTION = YES;
				GCC_WARN_UNUSED_VARIABLE = YES;
				IPHONEOS_DEPLOYMENT_TARGET = 9.2;
				MTL_ENABLE_DEBUG_INFO = NO;
				SDKROOT = iphoneos;
				TARGETED_DEVICE_FAMILY = "1,2";
				VALIDATE_PRODUCT = YES;
			};
			name = Release;
		};
		973D5A041C2A5FCE001CB704 /* Debug */ = {
			isa = XCBuildConfiguration;
			buildSettings = {
				ASSETCATALOG_COMPILER_APPICON_NAME = AppIcon;
				CODE_SIGN_IDENTITY = "iPhone Developer";
				CURRENT_PROJECT_VERSION = 1;
				INFOPLIST_FILE = mahanenko.ru/Info.plist;
				LD_RUNPATH_SEARCH_PATHS = "$(inherited) @executable_path/Frameworks";
				PRODUCT_BUNDLE_IDENTIFIER = "guru.norlin.mahanenko-ru";
				PRODUCT_NAME = "$(TARGET_NAME)";
				VERSIONING_SYSTEM = "apple-generic";
			};
			name = Debug;
		};
		973D5A051C2A5FCE001CB704 /* Release */ = {
			isa = XCBuildConfiguration;
			buildSettings = {
				ASSETCATALOG_COMPILER_APPICON_NAME = AppIcon;
				CODE_SIGN_IDENTITY = "iPhone Developer";
				CURRENT_PROJECT_VERSION = 1;
				INFOPLIST_FILE = mahanenko.ru/Info.plist;
				LD_RUNPATH_SEARCH_PATHS = "$(inherited) @executable_path/Frameworks";
				PRODUCT_BUNDLE_IDENTIFIER = "guru.norlin.mahanenko-ru";
				PRODUCT_NAME = "$(TARGET_NAME)";
				VERSIONING_SYSTEM = "apple-generic";
			};
			name = Release;
		};
		973D5A071C2A5FCE001CB704 /* Debug */ = {
			isa = XCBuildConfiguration;
			buildSettings = {
				BUNDLE_LOADER = "$(TEST_HOST)";
				INFOPLIST_FILE = mahanenko.ruTests/Info.plist;
				LD_RUNPATH_SEARCH_PATHS = "$(inherited) @executable_path/Frameworks @loader_path/Frameworks";
				PRODUCT_BUNDLE_IDENTIFIER = "guru.norlin.mahanenko-ruTests";
				PRODUCT_NAME = "$(TARGET_NAME)";
				TEST_HOST = "$(BUILT_PRODUCTS_DIR)/mahanenko.ru.app/mahanenko.ru";
			};
			name = Debug;
		};
		973D5A081C2A5FCE001CB704 /* Release */ = {
			isa = XCBuildConfiguration;
			buildSettings = {
				BUNDLE_LOADER = "$(TEST_HOST)";
				INFOPLIST_FILE = mahanenko.ruTests/Info.plist;
				LD_RUNPATH_SEARCH_PATHS = "$(inherited) @executable_path/Frameworks @loader_path/Frameworks";
				PRODUCT_BUNDLE_IDENTIFIER = "guru.norlin.mahanenko-ruTests";
				PRODUCT_NAME = "$(TARGET_NAME)";
				TEST_HOST = "$(BUILT_PRODUCTS_DIR)/mahanenko.ru.app/mahanenko.ru";
			};
			name = Release;
		};
		973D5A0A1C2A5FCE001CB704 /* Debug */ = {
			isa = XCBuildConfiguration;
			buildSettings = {
				INFOPLIST_FILE = mahanenko.ruUITests/Info.plist;
				LD_RUNPATH_SEARCH_PATHS = "$(inherited) @executable_path/Frameworks @loader_path/Frameworks";
				PRODUCT_BUNDLE_IDENTIFIER = "guru.norlin.mahanenko-ruUITests";
				PRODUCT_NAME = "$(TARGET_NAME)";
				TEST_TARGET_NAME = mahanenko.ru;
				USES_XCTRUNNER = YES;
			};
			name = Debug;
		};
		973D5A0B1C2A5FCE001CB704 /* Release */ = {
			isa = XCBuildConfiguration;
			buildSettings = {
				INFOPLIST_FILE = mahanenko.ruUITests/Info.plist;
				LD_RUNPATH_SEARCH_PATHS = "$(inherited) @executable_path/Frameworks @loader_path/Frameworks";
				PRODUCT_BUNDLE_IDENTIFIER = "guru.norlin.mahanenko-ruUITests";
				PRODUCT_NAME = "$(TARGET_NAME)";
				TEST_TARGET_NAME = mahanenko.ru;
				USES_XCTRUNNER = YES;
			};
			name = Release;
		};
/* End XCBuildConfiguration section */

/* Begin XCConfigurationList section */
		973D59D41C2A5FCE001CB704 /* Build configuration list for PBXProject "mahanenko.ru" */ = {
			isa = XCConfigurationList;
			buildConfigurations = (
				973D5A011C2A5FCE001CB704 /* Debug */,
				973D5A021C2A5FCE001CB704 /* Release */,
			);
			defaultConfigurationIsVisible = 0;
			defaultConfigurationName = Release;
		};
		973D5A031C2A5FCE001CB704 /* Build configuration list for PBXNativeTarget "mahanenko.ru" */ = {
			isa = XCConfigurationList;
			buildConfigurations = (
				973D5A041C2A5FCE001CB704 /* Debug */,
				973D5A051C2A5FCE001CB704 /* Release */,
			);
			defaultConfigurationIsVisible = 0;
			defaultConfigurationName = Release;
		};
		973D5A061C2A5FCE001CB704 /* Build configuration list for PBXNativeTarget "mahanenko.ruTests" */ = {
			isa = XCConfigurationList;
			buildConfigurations = (
				973D5A071C2A5FCE001CB704 /* Debug */,
				973D5A081C2A5FCE001CB704 /* Release */,
			);
			defaultConfigurationIsVisible = 0;
			defaultConfigurationName = Release;
		};
		973D5A091C2A5FCE001CB704 /* Build configuration list for PBXNativeTarget "mahanenko.ruUITests" */ = {
			isa = XCConfigurationList;
			buildConfigurations = (
				973D5A0A1C2A5FCE001CB704 /* Debug */,
				973D5A0B1C2A5FCE001CB704 /* Release */,
			);
			defaultConfigurationIsVisible = 0;
			defaultConfigurationName = Release;
		};
/* End XCConfigurationList section */

/* Begin XCVersionGroup section */
		97EA40401C7441E90018B1C5 /* Model.xcdatamodeld */ = {
			isa = XCVersionGroup;
			children = (
				97EA40411C7441E90018B1C5 /* Model.xcdatamodel */,
			);
			currentVersion = 97EA40411C7441E90018B1C5 /* Model.xcdatamodel */;
			path = Model.xcdatamodeld;
			sourceTree = "<group>";
			versionGroupType = wrapper.xcdatamodel;
		};
/* End XCVersionGroup section */
	};
	rootObject = 973D59D11C2A5FCE001CB704 /* Project object */;
}
